// !$*UTF8*$!
{
	archiveVersion = 1;
	classes = {
	};
	objectVersion = 50;
	objects = {

/* Begin PBXBuildFile section */
		2785295321CA88930003B8EE /* AppDelegate.swift in Sources */ = {isa = PBXBuildFile; fileRef = 2785295221CA88930003B8EE /* AppDelegate.swift */; };
		2785295521CA88930003B8EE /* ViewController.swift in Sources */ = {isa = PBXBuildFile; fileRef = 2785295421CA88930003B8EE /* ViewController.swift */; };
		2785295821CA88930003B8EE /* Main.storyboard in Resources */ = {isa = PBXBuildFile; fileRef = 2785295621CA88930003B8EE /* Main.storyboard */; };
		2785295A21CA88970003B8EE /* Assets.xcassets in Resources */ = {isa = PBXBuildFile; fileRef = 2785295921CA88970003B8EE /* Assets.xcassets */; };
		2785295D21CA88970003B8EE /* LaunchScreen.storyboard in Resources */ = {isa = PBXBuildFile; fileRef = 2785295B21CA88970003B8EE /* LaunchScreen.storyboard */; };
		2785296921CA891B0003B8EE /* core.23.db in Resources */ = {isa = PBXBuildFile; fileRef = 2785296821CA891B0003B8EE /* core.23.db */; };
		5198B55CF2462904A9B0C687 /* Pods_Final_Exam_Gill_Kyle.framework in Frameworks */ = {isa = PBXBuildFile; fileRef = 4CDCE4FC7585F5EA710EAAC4 /* Pods_Final_Exam_Gill_Kyle.framework */; };
/* End PBXBuildFile section */

/* Begin PBXFileReference section */
		2785294F21CA88930003B8EE /* Final Exam Gill Kyle.app */ = {isa = PBXFileReference; explicitFileType = wrapper.application; includeInIndex = 0; path = "Final Exam Gill Kyle.app"; sourceTree = BUILT_PRODUCTS_DIR; };
		2785295221CA88930003B8EE /* AppDelegate.swift */ = {isa = PBXFileReference; lastKnownFileType = sourcecode.swift; path = AppDelegate.swift; sourceTree = "<group>"; };
		2785295421CA88930003B8EE /* ViewController.swift */ = {isa = PBXFileReference; lastKnownFileType = sourcecode.swift; path = ViewController.swift; sourceTree = "<group>"; };
		2785295721CA88930003B8EE /* Base */ = {isa = PBXFileReference; lastKnownFileType = file.storyboard; name = Base; path = Base.lproj/Main.storyboard; sourceTree = "<group>"; };
		2785295921CA88970003B8EE /* Assets.xcassets */ = {isa = PBXFileReference; lastKnownFileType = folder.assetcatalog; path = Assets.xcassets; sourceTree = "<group>"; };
		2785295C21CA88970003B8EE /* Base */ = {isa = PBXFileReference; lastKnownFileType = file.storyboard; name = Base; path = Base.lproj/LaunchScreen.storyboard; sourceTree = "<group>"; };
		2785295E21CA88970003B8EE /* Info.plist */ = {isa = PBXFileReference; lastKnownFileType = text.plist.xml; path = Info.plist; sourceTree = "<group>"; };
		2785296821CA891B0003B8EE /* core.23.db */ = {isa = PBXFileReference; lastKnownFileType = file; path = core.23.db; sourceTree = "<group>"; };
		4CDCE4FC7585F5EA710EAAC4 /* Pods_Final_Exam_Gill_Kyle.framework */ = {isa = PBXFileReference; explicitFileType = wrapper.framework; includeInIndex = 0; path = Pods_Final_Exam_Gill_Kyle.framework; sourceTree = BUILT_PRODUCTS_DIR; };
		BBFB55EF35246AAD7BB32E6C /* Pods-Final Exam Gill Kyle.debug.xcconfig */ = {isa = PBXFileReference; includeInIndex = 1; lastKnownFileType = text.xcconfig; name = "Pods-Final Exam Gill Kyle.debug.xcconfig"; path = "Pods/Target Support Files/Pods-Final Exam Gill Kyle/Pods-Final Exam Gill Kyle.debug.xcconfig"; sourceTree = "<group>"; };
		E53E7B77BE505AB573EC5A47 /* Pods-Final Exam Gill Kyle.release.xcconfig */ = {isa = PBXFileReference; includeInIndex = 1; lastKnownFileType = text.xcconfig; name = "Pods-Final Exam Gill Kyle.release.xcconfig"; path = "Pods/Target Support Files/Pods-Final Exam Gill Kyle/Pods-Final Exam Gill Kyle.release.xcconfig"; sourceTree = "<group>"; };
/* End PBXFileReference section */

/* Begin PBXFrameworksBuildPhase section */
		2785294C21CA88930003B8EE /* Frameworks */ = {
			isa = PBXFrameworksBuildPhase;
			buildActionMask = 2147483647;
			files = (
				5198B55CF2462904A9B0C687 /* Pods_Final_Exam_Gill_Kyle.framework in Frameworks */,
			);
			runOnlyForDeploymentPostprocessing = 0;
		};
/* End PBXFrameworksBuildPhase section */

/* Begin PBXGroup section */
		1C9B55B5F14631DFC8A8D199 /* Pods */ = {
			isa = PBXGroup;
			children = (
				BBFB55EF35246AAD7BB32E6C /* Pods-Final Exam Gill Kyle.debug.xcconfig */,
				E53E7B77BE505AB573EC5A47 /* Pods-Final Exam Gill Kyle.release.xcconfig */,
			);
			name = Pods;
			sourceTree = "<group>";
		};
		2785294621CA88930003B8EE = {
			isa = PBXGroup;
			children = (
				2785295121CA88930003B8EE /* Final Exam Gill Kyle */,
				2785295021CA88930003B8EE /* Products */,
				1C9B55B5F14631DFC8A8D199 /* Pods */,
				7723B598004E139C51CDFFAF /* Frameworks */,
			);
			sourceTree = "<group>";
		};
		2785295021CA88930003B8EE /* Products */ = {
			isa = PBXGroup;
			children = (
				2785294F21CA88930003B8EE /* Final Exam Gill Kyle.app */,
			);
			name = Products;
			sourceTree = "<group>";
		};
		2785295121CA88930003B8EE /* Final Exam Gill Kyle */ = {
			isa = PBXGroup;
			children = (
				2785295E21CA88970003B8EE /* Info.plist */,
				2785296721CA88D20003B8EE /* Supporting Files */,
				2785296621CA88C50003B8EE /* Model */,
				2785296521CA88C00003B8EE /* View */,
				2785296421CA88B70003B8EE /* Controller */,
				2785295921CA88970003B8EE /* Assets.xcassets */,
			);
			path = "Final Exam Gill Kyle";
			sourceTree = "<group>";
		};
		2785296421CA88B70003B8EE /* Controller */ = {
			isa = PBXGroup;
			children = (
				2785295421CA88930003B8EE /* ViewController.swift */,
			);
			path = Controller;
			sourceTree = "<group>";
		};
		2785296521CA88C00003B8EE /* View */ = {
			isa = PBXGroup;
			children = (
				2785295621CA88930003B8EE /* Main.storyboard */,
			);
			path = View;
			sourceTree = "<group>";
		};
		2785296621CA88C50003B8EE /* Model */ = {
			isa = PBXGroup;
			children = (
			);
			path = Model;
			sourceTree = "<group>";
		};
		2785296721CA88D20003B8EE /* Supporting Files */ = {
			isa = PBXGroup;
			children = (
				2785296821CA891B0003B8EE /* core.23.db */,
				2785295221CA88930003B8EE /* AppDelegate.swift */,
				2785295B21CA88970003B8EE /* LaunchScreen.storyboard */,
			);
			path = "Supporting Files";
			sourceTree = "<group>";
		};
		7723B598004E139C51CDFFAF /* Frameworks */ = {
			isa = PBXGroup;
			children = (
				4CDCE4FC7585F5EA710EAAC4 /* Pods_Final_Exam_Gill_Kyle.framework */,
			);
			name = Frameworks;
			sourceTree = "<group>";
		};
/* End PBXGroup section */

/* Begin PBXNativeTarget section */
		2785294E21CA88930003B8EE /* Final Exam Gill Kyle */ = {
			isa = PBXNativeTarget;
			buildConfigurationList = 2785296121CA88970003B8EE /* Build configuration list for PBXNativeTarget "Final Exam Gill Kyle" */;
			buildPhases = (
				7FD5FDE8CAE15D8B333B9B6F /* [CP] Check Pods Manifest.lock */,
				2785294B21CA88930003B8EE /* Sources */,
				2785294C21CA88930003B8EE /* Frameworks */,
				2785294D21CA88930003B8EE /* Resources */,
				580C78ED825691E9469CB4C6 /* [CP] Embed Pods Frameworks */,
			);
			buildRules = (
			);
			dependencies = (
			);
			name = "Final Exam Gill Kyle";
			productName = "Final Exam Gill Kyle";
			productReference = 2785294F21CA88930003B8EE /* Final Exam Gill Kyle.app */;
			productType = "com.apple.product-type.application";
		};
/* End PBXNativeTarget section */

/* Begin PBXProject section */
		2785294721CA88930003B8EE /* Project object */ = {
			isa = PBXProject;
			attributes = {
				LastSwiftUpdateCheck = 1010;
				LastUpgradeCheck = 1010;
				ORGANIZATIONNAME = "Kyle Gill";
				TargetAttributes = {
					2785294E21CA88930003B8EE = {
						CreatedOnToolsVersion = 10.1;
					};
				};
			};
			buildConfigurationList = 2785294A21CA88930003B8EE /* Build configuration list for PBXProject "Final Exam Gill Kyle" */;
			compatibilityVersion = "Xcode 9.3";
			developmentRegion = en;
			hasScannedForEncodings = 0;
			knownRegions = (
				en,
				Base,
			);
			mainGroup = 2785294621CA88930003B8EE;
			productRefGroup = 2785295021CA88930003B8EE /* Products */;
			projectDirPath = "";
			projectRoot = "";
			targets = (
				2785294E21CA88930003B8EE /* Final Exam Gill Kyle */,
			);
		};
/* End PBXProject section */

/* Begin PBXResourcesBuildPhase section */
		2785294D21CA88930003B8EE /* Resources */ = {
			isa = PBXResourcesBuildPhase;
			buildActionMask = 2147483647;
			files = (
				2785295D21CA88970003B8EE /* LaunchScreen.storyboard in Resources */,
				2785295A21CA88970003B8EE /* Assets.xcassets in Resources */,
				2785296921CA891B0003B8EE /* core.23.db in Resources */,
				2785295821CA88930003B8EE /* Main.storyboard in Resources */,
			);
			runOnlyForDeploymentPostprocessing = 0;
		};
/* End PBXResourcesBuildPhase section */

/* Begin PBXShellScriptBuildPhase section */
		580C78ED825691E9469CB4C6 /* [CP] Embed Pods Frameworks */ = {
			isa = PBXShellScriptBuildPhase;
			buildActionMask = 2147483647;
			files = (
			);
			inputFileListPaths = (
			);
			inputPaths = (
				"${SRCROOT}/Pods/Target Support Files/Pods-Final Exam Gill Kyle/Pods-Final Exam Gill Kyle-frameworks.sh",
				"${BUILT_PRODUCTS_DIR}/GRDB.swift/GRDB.framework",
			);
			name = "[CP] Embed Pods Frameworks";
			outputFileListPaths = (
			);
			outputPaths = (
				"${TARGET_BUILD_DIR}/${FRAMEWORKS_FOLDER_PATH}/GRDB.framework",
			);
			runOnlyForDeploymentPostprocessing = 0;
			shellPath = /bin/sh;
			shellScript = "\"${SRCROOT}/Pods/Target Support Files/Pods-Final Exam Gill Kyle/Pods-Final Exam Gill Kyle-frameworks.sh\"\n";
			showEnvVarsInLog = 0;
		};
		7FD5FDE8CAE15D8B333B9B6F /* [CP] Check Pods Manifest.lock */ = {
			isa = PBXShellScriptBuildPhase;
			buildActionMask = 2147483647;
			files = (
			);
			inputFileListPaths = (
			);
			inputPaths = (
				"${PODS_PODFILE_DIR_PATH}/Podfile.lock",
				"${PODS_ROOT}/Manifest.lock",
			);
			name = "[CP] Check Pods Manifest.lock";
			outputFileListPaths = (
			);
			outputPaths = (
				"$(DERIVED_FILE_DIR)/Pods-Final Exam Gill Kyle-checkManifestLockResult.txt",
			);
			runOnlyForDeploymentPostprocessing = 0;
			shellPath = /bin/sh;
			shellScript = "diff \"${PODS_PODFILE_DIR_PATH}/Podfile.lock\" \"${PODS_ROOT}/Manifest.lock\" > /dev/null\nif [ $? != 0 ] ; then\n    # print error to STDERR\n    echo \"error: The sandbox is not in sync with the Podfile.lock. Run 'pod install' or update your CocoaPods installation.\" >&2\n    exit 1\nfi\n# This output is used by Xcode 'outputs' to avoid re-running this script phase.\necho \"SUCCESS\" > \"${SCRIPT_OUTPUT_FILE_0}\"\n";
			showEnvVarsInLog = 0;
		};
/* End PBXShellScriptBuildPhase section */

/* Begin PBXSourcesBuildPhase section */
		2785294B21CA88930003B8EE /* Sources */ = {
			isa = PBXSourcesBuildPhase;
			buildActionMask = 2147483647;
			files = (
				2785295521CA88930003B8EE /* ViewController.swift in Sources */,
				2785295321CA88930003B8EE /* AppDelegate.swift in Sources */,
			);
			runOnlyForDeploymentPostprocessing = 0;
		};
/* End PBXSourcesBuildPhase section */

/* Begin PBXVariantGroup section */
		2785295621CA88930003B8EE /* Main.storyboard */ = {
			isa = PBXVariantGroup;
			children = (
				2785295721CA88930003B8EE /* Base */,
			);
			name = Main.storyboard;
			sourceTree = "<group>";
		};
		2785295B21CA88970003B8EE /* LaunchScreen.storyboard */ = {
			isa = PBXVariantGroup;
			children = (
				2785295C21CA88970003B8EE /* Base */,
			);
			name = LaunchScreen.storyboard;
			sourceTree = "<group>";
		};
/* End PBXVariantGroup section */

/* Begin XCBuildConfiguration section */
		2785295F21CA88970003B8EE /* Debug */ = {
			isa = XCBuildConfiguration;
			buildSettings = {
				ALWAYS_SEARCH_USER_PATHS = NO;
				CLANG_ANALYZER_NONNULL = YES;
				CLANG_ANALYZER_NUMBER_OBJECT_CONVERSION = YES_AGGRESSIVE;
				CLANG_CXX_LANGUAGE_STANDARD = "gnu++14";
				CLANG_CXX_LIBRARY = "libc++";
				CLANG_ENABLE_MODULES = YES;
				CLANG_ENABLE_OBJC_ARC = YES;
				CLANG_ENABLE_OBJC_WEAK = YES;
				CLANG_WARN_BLOCK_CAPTURE_AUTORELEASING = YES;
				CLANG_WARN_BOOL_CONVERSION = YES;
				CLANG_WARN_COMMA = YES;
				CLANG_WARN_CONSTANT_CONVERSION = YES;
				CLANG_WARN_DEPRECATED_OBJC_IMPLEMENTATIONS = YES;
				CLANG_WARN_DIRECT_OBJC_ISA_USAGE = YES_ERROR;
				CLANG_WARN_DOCUMENTATION_COMMENTS = YES;
				CLANG_WARN_EMPTY_BODY = YES;
				CLANG_WARN_ENUM_CONVERSION = YES;
				CLANG_WARN_INFINITE_RECURSION = YES;
				CLANG_WARN_INT_CONVERSION = YES;
				CLANG_WARN_NON_LITERAL_NULL_CONVERSION = YES;
				CLANG_WARN_OBJC_IMPLICIT_RETAIN_SELF = YES;
				CLANG_WARN_OBJC_LITERAL_CONVERSION = YES;
				CLANG_WARN_OBJC_ROOT_CLASS = YES_ERROR;
				CLANG_WARN_RANGE_LOOP_ANALYSIS = YES;
				CLANG_WARN_STRICT_PROTOTYPES = YES;
				CLANG_WARN_SUSPICIOUS_MOVE = YES;
				CLANG_WARN_UNGUARDED_AVAILABILITY = YES_AGGRESSIVE;
				CLANG_WARN_UNREACHABLE_CODE = YES;
				CLANG_WARN__DUPLICATE_METHOD_MATCH = YES;
				CODE_SIGN_IDENTITY = "iPhone Developer";
				COPY_PHASE_STRIP = NO;
				DEBUG_INFORMATION_FORMAT = dwarf;
				ENABLE_STRICT_OBJC_MSGSEND = YES;
				ENABLE_TESTABILITY = YES;
				GCC_C_LANGUAGE_STANDARD = gnu11;
				GCC_DYNAMIC_NO_PIC = NO;
				GCC_NO_COMMON_BLOCKS = YES;
				GCC_OPTIMIZATION_LEVEL = 0;
				GCC_PREPROCESSOR_DEFINITIONS = (
					"DEBUG=1",
					"$(inherited)",
				);
				GCC_WARN_64_TO_32_BIT_CONVERSION = YES;
				GCC_WARN_ABOUT_RETURN_TYPE = YES_ERROR;
				GCC_WARN_UNDECLARED_SELECTOR = YES;
				GCC_WARN_UNINITIALIZED_AUTOS = YES_AGGRESSIVE;
				GCC_WARN_UNUSED_FUNCTION = YES;
				GCC_WARN_UNUSED_VARIABLE = YES;
				IPHONEOS_DEPLOYMENT_TARGET = 12.1;
				MTL_ENABLE_DEBUG_INFO = INCLUDE_SOURCE;
				MTL_FAST_MATH = YES;
				ONLY_ACTIVE_ARCH = YES;
				SDKROOT = iphoneos;
				SWIFT_ACTIVE_COMPILATION_CONDITIONS = DEBUG;
				SWIFT_OPTIMIZATION_LEVEL = "-Onone";
			};
			name = Debug;
		};
		2785296021CA88970003B8EE /* Release */ = {
			isa = XCBuildConfiguration;
			buildSettings = {
				ALWAYS_SEARCH_USER_PATHS = NO;
				CLANG_ANALYZER_NONNULL = YES;
				CLANG_ANALYZER_NUMBER_OBJECT_CONVERSION = YES_AGGRESSIVE;
				CLANG_CXX_LANGUAGE_STANDARD = "gnu++14";
				CLANG_CXX_LIBRARY = "libc++";
				CLANG_ENABLE_MODULES = YES;
				CLANG_ENABLE_OBJC_ARC = YES;
				CLANG_ENABLE_OBJC_WEAK = YES;
				CLANG_WARN_BLOCK_CAPTURE_AUTORELEASING = YES;
				CLANG_WARN_BOOL_CONVERSION = YES;
				CLANG_WARN_COMMA = YES;
				CLANG_WARN_CONSTANT_CONVERSION = YES;
				CLANG_WARN_DEPRECATED_OBJC_IMPLEMENTATIONS = YES;
				CLANG_WARN_DIRECT_OBJC_ISA_USAGE = YES_ERROR;
				CLANG_WARN_DOCUMENTATION_COMMENTS = YES;
				CLANG_WARN_EMPTY_BODY = YES;
				CLANG_WARN_ENUM_CONVERSION = YES;
				CLANG_WARN_INFINITE_RECURSION = YES;
				CLANG_WARN_INT_CONVERSION = YES;
				CLANG_WARN_NON_LITERAL_NULL_CONVERSION = YES;
				CLANG_WARN_OBJC_IMPLICIT_RETAIN_SELF = YES;
				CLANG_WARN_OBJC_LITERAL_CONVERSION = YES;
				CLANG_WARN_OBJC_ROOT_CLASS = YES_ERROR;
				CLANG_WARN_RANGE_LOOP_ANALYSIS = YES;
				CLANG_WARN_STRICT_PROTOTYPES = YES;
				CLANG_WARN_SUSPICIOUS_MOVE = YES;
				CLANG_WARN_UNGUARDED_AVAILABILITY = YES_AGGRESSIVE;
				CLANG_WARN_UNREACHABLE_CODE = YES;
				CLANG_WARN__DUPLICATE_METHOD_MATCH = YES;
				CODE_SIGN_IDENTITY = "iPhone Developer";
				COPY_PHASE_STRIP = NO;
				DEBUG_INFORMATION_FORMAT = "dwarf-with-dsym";
				ENABLE_NS_ASSERTIONS = NO;
				ENABLE_STRICT_OBJC_MSGSEND = YES;
				GCC_C_LANGUAGE_STANDARD = gnu11;
				GCC_NO_COMMON_BLOCKS = YES;
				GCC_WARN_64_TO_32_BIT_CONVERSION = YES;
				GCC_WARN_ABOUT_RETURN_TYPE = YES_ERROR;
				GCC_WARN_UNDECLARED_SELECTOR = YES;
				GCC_WARN_UNINITIALIZED_AUTOS = YES_AGGRESSIVE;
				GCC_WARN_UNUSED_FUNCTION = YES;
				GCC_WARN_UNUSED_VARIABLE = YES;
				IPHONEOS_DEPLOYMENT_TARGET = 12.1;
				MTL_ENABLE_DEBUG_INFO = NO;
				MTL_FAST_MATH = YES;
				SDKROOT = iphoneos;
				SWIFT_COMPILATION_MODE = wholemodule;
				SWIFT_OPTIMIZATION_LEVEL = "-O";
				VALIDATE_PRODUCT = YES;
			};
			name = Release;
		};
		2785296221CA88970003B8EE /* Debug */ = {
			isa = XCBuildConfiguration;
			baseConfigurationReference = BBFB55EF35246AAD7BB32E6C /* Pods-Final Exam Gill Kyle.debug.xcconfig */;
			buildSettings = {
				ASSETCATALOG_COMPILER_APPICON_NAME = AppIcon;
				CODE_SIGN_STYLE = Automatic;
				INFOPLIST_FILE = "Final Exam Gill Kyle/Info.plist";
				LD_RUNPATH_SEARCH_PATHS = (
					"$(inherited)",
					"@executable_path/Frameworks",
				);
				PRODUCT_BUNDLE_IDENTIFIER = "KyleGill.Final-Exam-Gill-Kyle";
				PRODUCT_NAME = "$(TARGET_NAME)";
				SWIFT_VERSION = 4.2;
				TARGETED_DEVICE_FAMILY = "1,2";
			};
			name = Debug;
		};
		2785296321CA88970003B8EE /* Release */ = {
			isa = XCBuildConfiguration;
			baseConfigurationReference = E53E7B77BE505AB573EC5A47 /* Pods-Final Exam Gill Kyle.release.xcconfig */;
			buildSettings = {
				ASSETCATALOG_COMPILER_APPICON_NAME = AppIcon;
				CODE_SIGN_STYLE = Automatic;
				INFOPLIST_FILE = "Final Exam Gill Kyle/Info.plist";
				LD_RUNPATH_SEARCH_PATHS = (
					"$(inherited)",
					"@executable_path/Frameworks",
				);
				PRODUCT_BUNDLE_IDENTIFIER = "KyleGill.Final-Exam-Gill-Kyle";
				PRODUCT_NAME = "$(TARGET_NAME)";
				SWIFT_VERSION = 4.2;
				TARGETED_DEVICE_FAMILY = "1,2";
			};
			name = Release;
		};
/* End XCBuildConfiguration section */

/* Begin XCConfigurationList section */
		2785294A21CA88930003B8EE /* Build configuration list for PBXProject "Final Exam Gill Kyle" */ = {
			isa = XCConfigurationList;
			buildConfigurations = (
				2785295F21CA88970003B8EE /* Debug */,
				2785296021CA88970003B8EE /* Release */,
			);
			defaultConfigurationIsVisible = 0;
			defaultConfigurationName = Release;
		};
		2785296121CA88970003B8EE /* Build configuration list for PBXNativeTarget "Final Exam Gill Kyle" */ = {
			isa = XCConfigurationList;
			buildConfigurations = (
				2785296221CA88970003B8EE /* Debug */,
				2785296321CA88970003B8EE /* Release */,
			);
			defaultConfigurationIsVisible = 0;
			defaultConfigurationName = Release;
		};
/* End XCConfigurationList section */
	};
	rootObject = 2785294721CA88930003B8EE /* Project object */;
}
